
Microsoft Visual Studio Solution File, Format Version 12.00
# Visual Studio Version 17
VisualStudioVersion = 17.9.34902.65
MinimumVisualStudioVersion = 10.0.40219.1
Project("{FAE04EC0-301F-11D3-BF4B-00C04F79EFBC}") = "mf-projeto-teste", "mf-projeto-teste\mf-projeto-teste.csproj", "{96892201-CF18-424F-BA11-923EDF8D1E79}"
EndProject
Global
	GlobalSection(SolutionConfigurationPlatforms) = preSolution
		Debug|Any CPU = Debug|Any CPU
		Release|Any CPU = Release|Any CPU
	EndGlobalSection
	GlobalSection(ProjectConfigurationPlatforms) = postSolution
		{96892201-CF18-424F-BA11-923EDF8D1E79}.Debug|Any CPU.ActiveCfg = Debug|Any CPU
		{96892201-CF18-424F-BA11-923EDF8D1E79}.Debug|Any CPU.Build.0 = Debug|Any CPU
		{96892201-CF18-424F-BA11-923EDF8D1E79}.Release|Any CPU.ActiveCfg = Release|Any CPU
		{96892201-CF18-424F-BA11-923EDF8D1E79}.Release|Any CPU.Build.0 = Release|Any CPU
	EndGlobalSection
	GlobalSection(SolutionProperties) = preSolution
		HideSolutionNode = FALSE
	EndGlobalSection
	GlobalSection(ExtensibilityGlobals) = postSolution
		SolutionGuid = {BB553164-00A1-4CF8-A5FC-4BE67E6AD866}
	EndGlobalSection
EndGlobal
